
Microsoft Visual Studio Solution File, Format Version 12.00
# Visual Studio Version 17
VisualStudioVersion = 17.11.35222.181
MinimumVisualStudioVersion = 10.0.40219.1
Project("{8BC9CEB8-8B4A-11D0-8D11-00A0C91BC942}") = "клиент4", "клиент4\клиент4.vcxproj", "{CA2F1DC7-2067-4496-BD1B-CB9FB2C05006}"
EndProject
Global
	GlobalSection(SolutionConfigurationPlatforms) = preSolution
		Debug|x64 = Debug|x64
		Debug|x86 = Debug|x86
		Release|x64 = Release|x64
		Release|x86 = Release|x86
	EndGlobalSection
	GlobalSection(ProjectConfigurationPlatforms) = postSolution
		{CA2F1DC7-2067-4496-BD1B-CB9FB2C05006}.Debug|x64.ActiveCfg = Debug|x64
		{CA2F1DC7-2067-4496-BD1B-CB9FB2C05006}.Debug|x64.Build.0 = Debug|x64
		{CA2F1DC7-2067-4496-BD1B-CB9FB2C05006}.Debug|x86.ActiveCfg = Debug|Win32
		{CA2F1DC7-2067-4496-BD1B-CB9FB2C05006}.Debug|x86.Build.0 = Debug|Win32
		{CA2F1DC7-2067-4496-BD1B-CB9FB2C05006}.Release|x64.ActiveCfg = Release|x64
		{CA2F1DC7-2067-4496-BD1B-CB9FB2C05006}.Release|x64.Build.0 = Release|x64
		{CA2F1DC7-2067-4496-BD1B-CB9FB2C05006}.Release|x86.ActiveCfg = Release|Win32
		{CA2F1DC7-2067-4496-BD1B-CB9FB2C05006}.Release|x86.Build.0 = Release|Win32
	EndGlobalSection
	GlobalSection(SolutionProperties) = preSolution
		HideSolutionNode = FALSE
	EndGlobalSection
	GlobalSection(ExtensibilityGlobals) = postSolution
		SolutionGuid = {4B247C33-C95F-4A7E-9453-BF5693635B2D}
	EndGlobalSection
EndGlobal
